
Microsoft Visual Studio Solution File, Format Version 12.00
# Visual Studio 15
VisualStudioVersion = 15.0.27703.2035
MinimumVisualStudioVersion = 10.0.40219.1
Project("{9A19103F-16F7-4668-BE54-9A1E7A4F7556}") = "FilterSerenity", "FilterSerenity\FilterSerenity.csproj", "{2ABBFF67-960F-4B21-9899-A809C6E9086F}"
EndProject
Project("{9A19103F-16F7-4668-BE54-9A1E7A4F7556}") = "FilterSerenityWebsite", "FilterSerenityWebsite\FilterSerenityWebsite.csproj", "{857B3817-B14A-48DA-AD99-43F2FDD48FA0}"
EndProject
Global
	GlobalSection(SolutionConfigurationPlatforms) = preSolution
		Debug|Any CPU = Debug|Any CPU
		Release|Any CPU = Release|Any CPU
	EndGlobalSection
	GlobalSection(ProjectConfigurationPlatforms) = postSolution
		{2ABBFF67-960F-4B21-9899-A809C6E9086F}.Debug|Any CPU.ActiveCfg = Debug|Any CPU
		{2ABBFF67-960F-4B21-9899-A809C6E9086F}.Debug|Any CPU.Build.0 = Debug|Any CPU
		{2ABBFF67-960F-4B21-9899-A809C6E9086F}.Release|Any CPU.ActiveCfg = Release|Any CPU
		{2ABBFF67-960F-4B21-9899-A809C6E9086F}.Release|Any CPU.Build.0 = Release|Any CPU
		{857B3817-B14A-48DA-AD99-43F2FDD48FA0}.Debug|Any CPU.ActiveCfg = Debug|Any CPU
		{857B3817-B14A-48DA-AD99-43F2FDD48FA0}.Debug|Any CPU.Build.0 = Debug|Any CPU
		{857B3817-B14A-48DA-AD99-43F2FDD48FA0}.Release|Any CPU.ActiveCfg = Release|Any CPU
		{857B3817-B14A-48DA-AD99-43F2FDD48FA0}.Release|Any CPU.Build.0 = Release|Any CPU
	EndGlobalSection
	GlobalSection(SolutionProperties) = preSolution
		HideSolutionNode = FALSE
	EndGlobalSection
	GlobalSection(ExtensibilityGlobals) = postSolution
		SolutionGuid = {2EED19FE-DAD7-478F-AFEF-E5A7CEECCB3E}
	EndGlobalSection
EndGlobal
